
Microsoft Visual Studio Solution File, Format Version 12.00
# Visual Studio 15
VisualStudioVersion = 15.0.27428.2043
MinimumVisualStudioVersion = 10.0.40219.1
Project("{2150E333-8FDC-42A3-9474-1A3956D46DE8}") = "Tests", "Tests", "{F56B25E6-5930-4F3E-8B96-743215328700}"
EndProject
Project("{FAE04EC0-301F-11D3-BF4B-00C04F79EFBC}") = "Chatbot.Unit", "Chatbot.Unit\Chatbot.Unit.csproj", "{ED35BF14-C713-44FA-9746-FE78E5E4661B}"
EndProject
Project("{FAE04EC0-301F-11D3-BF4B-00C04F79EFBC}") = "Chatbot.Unit.Test", "Chatbot.Unit.Test\Chatbot.Unit.Test.csproj", "{ED00FFEC-81F2-4C2D-B7E3-083EBD2ECABC}"
EndProject
Project("{FAE04EC0-301F-11D3-BF4B-00C04F79EFBC}") = "Chatbot.Api", "Chatbot.Api\Chatbot.Api.csproj", "{D1815CB0-87AE-49E0-AE1C-45632D0DCF97}"
EndProject
Project("{FAE04EC0-301F-11D3-BF4B-00C04F79EFBC}") = "Crm.Dynamics", "Crm.Dynamic\Crm.Dynamics.csproj", "{68574186-4A7C-46C6-B6EA-2CAE01BCAB17}"
EndProject
Project("{FAE04EC0-301F-11D3-BF4B-00C04F79EFBC}") = "Crm.Dynamics.Test", "Crm.Dynamics.Test\Crm.Dynamics.Test.csproj", "{054BCFA4-5B73-4948-8097-C080E7CA0669}"
EndProject
Project("{FAE04EC0-301F-11D3-BF4B-00C04F79EFBC}") = "HackConsoleApp", "CrmSmaple\HackConsoleApp.csproj", "{E22056A7-C7D9-4D53-AC95-CF33B049187A}"
EndProject
Global
	GlobalSection(SolutionConfigurationPlatforms) = preSolution
		Debug|Any CPU = Debug|Any CPU
		Release|Any CPU = Release|Any CPU
	EndGlobalSection
	GlobalSection(ProjectConfigurationPlatforms) = postSolution
		{ED35BF14-C713-44FA-9746-FE78E5E4661B}.Debug|Any CPU.ActiveCfg = Debug|Any CPU
		{ED35BF14-C713-44FA-9746-FE78E5E4661B}.Debug|Any CPU.Build.0 = Debug|Any CPU
		{ED35BF14-C713-44FA-9746-FE78E5E4661B}.Release|Any CPU.ActiveCfg = Release|Any CPU
		{ED35BF14-C713-44FA-9746-FE78E5E4661B}.Release|Any CPU.Build.0 = Release|Any CPU
		{ED00FFEC-81F2-4C2D-B7E3-083EBD2ECABC}.Debug|Any CPU.ActiveCfg = Debug|Any CPU
		{ED00FFEC-81F2-4C2D-B7E3-083EBD2ECABC}.Debug|Any CPU.Build.0 = Debug|Any CPU
		{ED00FFEC-81F2-4C2D-B7E3-083EBD2ECABC}.Release|Any CPU.ActiveCfg = Release|Any CPU
		{ED00FFEC-81F2-4C2D-B7E3-083EBD2ECABC}.Release|Any CPU.Build.0 = Release|Any CPU
		{D1815CB0-87AE-49E0-AE1C-45632D0DCF97}.Debug|Any CPU.ActiveCfg = Debug|Any CPU
		{D1815CB0-87AE-49E0-AE1C-45632D0DCF97}.Debug|Any CPU.Build.0 = Debug|Any CPU
		{D1815CB0-87AE-49E0-AE1C-45632D0DCF97}.Release|Any CPU.ActiveCfg = Release|Any CPU
		{D1815CB0-87AE-49E0-AE1C-45632D0DCF97}.Release|Any CPU.Build.0 = Release|Any CPU
		{68574186-4A7C-46C6-B6EA-2CAE01BCAB17}.Debug|Any CPU.ActiveCfg = Debug|Any CPU
		{68574186-4A7C-46C6-B6EA-2CAE01BCAB17}.Debug|Any CPU.Build.0 = Debug|Any CPU
		{68574186-4A7C-46C6-B6EA-2CAE01BCAB17}.Release|Any CPU.ActiveCfg = Release|Any CPU
		{68574186-4A7C-46C6-B6EA-2CAE01BCAB17}.Release|Any CPU.Build.0 = Release|Any CPU
		{054BCFA4-5B73-4948-8097-C080E7CA0669}.Debug|Any CPU.ActiveCfg = Debug|Any CPU
		{054BCFA4-5B73-4948-8097-C080E7CA0669}.Debug|Any CPU.Build.0 = Debug|Any CPU
		{054BCFA4-5B73-4948-8097-C080E7CA0669}.Release|Any CPU.ActiveCfg = Release|Any CPU
		{054BCFA4-5B73-4948-8097-C080E7CA0669}.Release|Any CPU.Build.0 = Release|Any CPU
		{E22056A7-C7D9-4D53-AC95-CF33B049187A}.Debug|Any CPU.ActiveCfg = Debug|Any CPU
		{E22056A7-C7D9-4D53-AC95-CF33B049187A}.Debug|Any CPU.Build.0 = Debug|Any CPU
		{E22056A7-C7D9-4D53-AC95-CF33B049187A}.Release|Any CPU.ActiveCfg = Release|Any CPU
		{E22056A7-C7D9-4D53-AC95-CF33B049187A}.Release|Any CPU.Build.0 = Release|Any CPU
	EndGlobalSection
	GlobalSection(SolutionProperties) = preSolution
		HideSolutionNode = FALSE
	EndGlobalSection
	GlobalSection(NestedProjects) = preSolution
		{ED00FFEC-81F2-4C2D-B7E3-083EBD2ECABC} = {F56B25E6-5930-4F3E-8B96-743215328700}
		{054BCFA4-5B73-4948-8097-C080E7CA0669} = {F56B25E6-5930-4F3E-8B96-743215328700}
	EndGlobalSection
	GlobalSection(ExtensibilityGlobals) = postSolution
		SolutionGuid = {EF3B59E9-0D3D-4E63-8A7F-E80B42101F7C}
	EndGlobalSection
EndGlobal
